
Microsoft Visual Studio Solution File, Format Version 12.00
# Visual Studio Version 16
VisualStudioVersion = 16.0.30309.148
MinimumVisualStudioVersion = 10.0.40219.1
Project("{F184B08F-C81C-45F6-A57F-5ABD9991F28F}") = "AVT_TRAKING", "AVT_TRAKING\AVT_TRAKING.vbproj", "{7A2324C7-B9CA-4F1D-9129-D1840C081F8B}"
EndProject
Project("{54435603-DBB4-11D2-8724-00A0C9A8B90C}") = "AVT-TrackingSetup", "AVT-TrackingSetup\AVT-TrackingSetup.vdproj", "{11296C51-8659-4712-8821-F6F8CE8FB5CB}"
EndProject
Global
	GlobalSection(SolutionConfigurationPlatforms) = preSolution
		Debug|Any CPU = Debug|Any CPU
		Release|Any CPU = Release|Any CPU
	EndGlobalSection
	GlobalSection(ProjectConfigurationPlatforms) = postSolution
		{7A2324C7-B9CA-4F1D-9129-D1840C081F8B}.Debug|Any CPU.ActiveCfg = Debug|Any CPU
		{7A2324C7-B9CA-4F1D-9129-D1840C081F8B}.Debug|Any CPU.Build.0 = Debug|Any CPU
		{7A2324C7-B9CA-4F1D-9129-D1840C081F8B}.Release|Any CPU.ActiveCfg = Release|Any CPU
		{7A2324C7-B9CA-4F1D-9129-D1840C081F8B}.Release|Any CPU.Build.0 = Release|Any CPU
		{11296C51-8659-4712-8821-F6F8CE8FB5CB}.Debug|Any CPU.ActiveCfg = Release
		{11296C51-8659-4712-8821-F6F8CE8FB5CB}.Release|Any CPU.ActiveCfg = Release
	EndGlobalSection
	GlobalSection(SolutionProperties) = preSolution
		HideSolutionNode = FALSE
	EndGlobalSection
	GlobalSection(ExtensibilityGlobals) = postSolution
		SolutionGuid = {B0F59534-FA1C-41C0-8953-6AC07274B2A3}
	EndGlobalSection
EndGlobal
